
Microsoft Visual Studio Solution File, Format Version 12.00
# Visual Studio Version 17
VisualStudioVersion = 17.4.33213.308
MinimumVisualStudioVersion = 10.0.40219.1
Project("{FAE04EC0-301F-11D3-BF4B-00C04F79EFBC}") = "EF Assignment", "EF Assignment.csproj", "{BD7ED4F0-4616-4DD7-8B5F-C3198A2D5454}"
EndProject
Global
	GlobalSection(SolutionConfigurationPlatforms) = preSolution
		Debug|Any CPU = Debug|Any CPU
		Release|Any CPU = Release|Any CPU
	EndGlobalSection
	GlobalSection(ProjectConfigurationPlatforms) = postSolution
		{BD7ED4F0-4616-4DD7-8B5F-C3198A2D5454}.Debug|Any CPU.ActiveCfg = Debug|Any CPU
		{BD7ED4F0-4616-4DD7-8B5F-C3198A2D5454}.Debug|Any CPU.Build.0 = Debug|Any CPU
		{BD7ED4F0-4616-4DD7-8B5F-C3198A2D5454}.Release|Any CPU.ActiveCfg = Release|Any CPU
		{BD7ED4F0-4616-4DD7-8B5F-C3198A2D5454}.Release|Any CPU.Build.0 = Release|Any CPU
	EndGlobalSection
	GlobalSection(SolutionProperties) = preSolution
		HideSolutionNode = FALSE
	EndGlobalSection
	GlobalSection(ExtensibilityGlobals) = postSolution
		SolutionGuid = {FDF7FFA3-CC4B-4798-8FBB-4550F572D03F}
	EndGlobalSection
EndGlobal
